
Microsoft Visual Studio Solution File, Format Version 12.00
# Visual Studio 15
Project("{FAE04EC0-301F-11D3-BF4B-00C04F79EFBC}") = "Assembly-CSharp", "Assembly-CSharp.csproj", "{E34218D2-E16C-2FF9-C836-F3983CC6179F}"
EndProject
Project("{FAE04EC0-301F-11D3-BF4B-00C04F79EFBC}") = "Assembly-CSharp-firstpass", "Assembly-CSharp-firstpass.csproj", "{9145BEFD-CB87-0598-0E27-A1915A8F9B24}"
EndProject
Project("{FAE04EC0-301F-11D3-BF4B-00C04F79EFBC}") = "Assembly-CSharp-Editor-firstpass", "Assembly-CSharp-Editor-firstpass.csproj", "{5D66B3FC-CA89-A81D-F7AF-69402564D6B2}"
EndProject
Global
	GlobalSection(SolutionConfigurationPlatforms) = preSolution
		Debug|Any CPU = Debug|Any CPU
		Release|Any CPU = Release|Any CPU
	EndGlobalSection
	GlobalSection(ProjectConfigurationPlatforms) = postSolution
		{E34218D2-E16C-2FF9-C836-F3983CC6179F}.Debug|Any CPU.ActiveCfg = Debug|Any CPU
		{E34218D2-E16C-2FF9-C836-F3983CC6179F}.Debug|Any CPU.Build.0 = Debug|Any CPU
		{E34218D2-E16C-2FF9-C836-F3983CC6179F}.Release|Any CPU.ActiveCfg = Release|Any CPU
		{E34218D2-E16C-2FF9-C836-F3983CC6179F}.Release|Any CPU.Build.0 = Release|Any CPU
		{9145BEFD-CB87-0598-0E27-A1915A8F9B24}.Debug|Any CPU.ActiveCfg = Debug|Any CPU
		{9145BEFD-CB87-0598-0E27-A1915A8F9B24}.Debug|Any CPU.Build.0 = Debug|Any CPU
		{9145BEFD-CB87-0598-0E27-A1915A8F9B24}.Release|Any CPU.ActiveCfg = Release|Any CPU
		{9145BEFD-CB87-0598-0E27-A1915A8F9B24}.Release|Any CPU.Build.0 = Release|Any CPU
		{5D66B3FC-CA89-A81D-F7AF-69402564D6B2}.Debug|Any CPU.ActiveCfg = Debug|Any CPU
		{5D66B3FC-CA89-A81D-F7AF-69402564D6B2}.Debug|Any CPU.Build.0 = Debug|Any CPU
		{5D66B3FC-CA89-A81D-F7AF-69402564D6B2}.Release|Any CPU.ActiveCfg = Release|Any CPU
		{5D66B3FC-CA89-A81D-F7AF-69402564D6B2}.Release|Any CPU.Build.0 = Release|Any CPU
	EndGlobalSection
	GlobalSection(SolutionProperties) = preSolution
		HideSolutionNode = FALSE
	EndGlobalSection
EndGlobal
